{
  "name": "quick-translate",
  "version": "1.0.0",
  "lockfileVersion": 3,
  "requires": true,
  "packages": {
    "": {
      "name": "quick-translate",
      "version": "1.0.0",
      "license": "ISC",
      "dependencies": {
        "slugify": "^1.6.8"
      }
    },
    "node_modules/slugify": {
      "version": "1.6.8",
      "resolved": "https://registry.npmjs.org/slugify/-/slugify-1.6.8.tgz",
      "integrity": "sha512-HVk9X1E0gz3mSpoi60h/saazLKXKaZThMLU3u/aNwoYn8/xQyX2MGxL0ui2eaokkD7tF+Zo+cKTHUbe1mmmGzA==",
      "license": "MIT",
      "engines": {
        "node": ">=8.0.0"
      }
    }
  }
}
